
Microsoft Visual Studio Solution File, Format Version 12.00
# Visual Studio Version 17
VisualStudioVersion = 17.4.33213.308
MinimumVisualStudioVersion = 10.0.40219.1
Project("{FAE04EC0-301F-11D3-BF4B-00C04F79EFBC}") = "HRISApplication.Server", "HRISApplication\Server\HRISApplication.Server.csproj", "{4BBB00F2-C25A-44B4-A699-1EF00A08704C}"
EndProject
Project("{FAE04EC0-301F-11D3-BF4B-00C04F79EFBC}") = "HRISApplication.Client", "HRISApplication\Client\HRISApplication.Client.csproj", "{7ED6E4B3-1B9E-4B9B-ACCB-77F6125F89C7}"
EndProject
Project("{FAE04EC0-301F-11D3-BF4B-00C04F79EFBC}") = "HRISApplication.Shared", "HRISApplication\Shared\HRISApplication.Shared.csproj", "{B653B64F-E0A3-4493-93D7-A8638B9543F9}"
EndProject
Global
	GlobalSection(SolutionConfigurationPlatforms) = preSolution
		Debug|Any CPU = Debug|Any CPU
		Release|Any CPU = Release|Any CPU
	EndGlobalSection
	GlobalSection(ProjectConfigurationPlatforms) = postSolution
		{4BBB00F2-C25A-44B4-A699-1EF00A08704C}.Debug|Any CPU.ActiveCfg = Debug|Any CPU
		{4BBB00F2-C25A-44B4-A699-1EF00A08704C}.Debug|Any CPU.Build.0 = Debug|Any CPU
		{4BBB00F2-C25A-44B4-A699-1EF00A08704C}.Release|Any CPU.ActiveCfg = Release|Any CPU
		{4BBB00F2-C25A-44B4-A699-1EF00A08704C}.Release|Any CPU.Build.0 = Release|Any CPU
		{7ED6E4B3-1B9E-4B9B-ACCB-77F6125F89C7}.Debug|Any CPU.ActiveCfg = Debug|Any CPU
		{7ED6E4B3-1B9E-4B9B-ACCB-77F6125F89C7}.Debug|Any CPU.Build.0 = Debug|Any CPU
		{7ED6E4B3-1B9E-4B9B-ACCB-77F6125F89C7}.Release|Any CPU.ActiveCfg = Release|Any CPU
		{7ED6E4B3-1B9E-4B9B-ACCB-77F6125F89C7}.Release|Any CPU.Build.0 = Release|Any CPU
		{B653B64F-E0A3-4493-93D7-A8638B9543F9}.Debug|Any CPU.ActiveCfg = Debug|Any CPU
		{B653B64F-E0A3-4493-93D7-A8638B9543F9}.Debug|Any CPU.Build.0 = Debug|Any CPU
		{B653B64F-E0A3-4493-93D7-A8638B9543F9}.Release|Any CPU.ActiveCfg = Release|Any CPU
		{B653B64F-E0A3-4493-93D7-A8638B9543F9}.Release|Any CPU.Build.0 = Release|Any CPU
	EndGlobalSection
	GlobalSection(SolutionProperties) = preSolution
		HideSolutionNode = FALSE
	EndGlobalSection
	GlobalSection(ExtensibilityGlobals) = postSolution
		SolutionGuid = {E63424F0-A9D7-4EDC-9691-B8A66617AEDB}
	EndGlobalSection
EndGlobal
